
Microsoft Visual Studio Solution File, Format Version 12.00
# Visual Studio Version 17
VisualStudioVersion = 17.1.32210.238
MinimumVisualStudioVersion = 10.0.40219.1
Project("{FAE04EC0-301F-11D3-BF4B-00C04F79EFBC}") = "ManualPatchWrangler", "ManualPatchWrangler.csproj", "{CE41584C-4CFB-41A8-BF10-B0F6CE5947E5}"
EndProject
Global
	GlobalSection(SolutionConfigurationPlatforms) = preSolution
		Debug|Any CPU = Debug|Any CPU
		Release|Any CPU = Release|Any CPU
	EndGlobalSection
	GlobalSection(ProjectConfigurationPlatforms) = postSolution
		{CE41584C-4CFB-41A8-BF10-B0F6CE5947E5}.Debug|Any CPU.ActiveCfg = Debug|Any CPU
		{CE41584C-4CFB-41A8-BF10-B0F6CE5947E5}.Debug|Any CPU.Build.0 = Debug|Any CPU
		{CE41584C-4CFB-41A8-BF10-B0F6CE5947E5}.Release|Any CPU.ActiveCfg = Release|Any CPU
		{CE41584C-4CFB-41A8-BF10-B0F6CE5947E5}.Release|Any CPU.Build.0 = Release|Any CPU
	EndGlobalSection
	GlobalSection(SolutionProperties) = preSolution
		HideSolutionNode = FALSE
	EndGlobalSection
	GlobalSection(ExtensibilityGlobals) = postSolution
		SolutionGuid = {B7B780AE-AE8A-47E4-80C6-525D7F79259F}
	EndGlobalSection
EndGlobal
