
Microsoft Visual Studio Solution File, Format Version 12.00
# Visual Studio 15
VisualStudioVersion = 15.0.28307.421
MinimumVisualStudioVersion = 10.0.40219.1
Project("{FAE04EC0-301F-11D3-BF4B-00C04F79EFBC}") = "WoWVersionEditor", "WoWVersionEditor\WoWVersionEditor.csproj", "{F7D219E9-A99D-415E-9C5E-7DEAC5A95081}"
EndProject
Global
	GlobalSection(SolutionConfigurationPlatforms) = preSolution
		Debug|Any CPU = Debug|Any CPU
		Release|Any CPU = Release|Any CPU
	EndGlobalSection
	GlobalSection(ProjectConfigurationPlatforms) = postSolution
		{F7D219E9-A99D-415E-9C5E-7DEAC5A95081}.Debug|Any CPU.ActiveCfg = Debug|Any CPU
		{F7D219E9-A99D-415E-9C5E-7DEAC5A95081}.Debug|Any CPU.Build.0 = Debug|Any CPU
		{F7D219E9-A99D-415E-9C5E-7DEAC5A95081}.Release|Any CPU.ActiveCfg = Release|Any CPU
		{F7D219E9-A99D-415E-9C5E-7DEAC5A95081}.Release|Any CPU.Build.0 = Release|Any CPU
	EndGlobalSection
	GlobalSection(SolutionProperties) = preSolution
		HideSolutionNode = FALSE
	EndGlobalSection
	GlobalSection(ExtensibilityGlobals) = postSolution
		SolutionGuid = {8699B65B-3B34-412D-B0E7-B29BCAA28758}
	EndGlobalSection
EndGlobal
